{
  "name": "testajs",
  "version": "1.0.0",
  "lockfileVersion": 3,
  "requires": true,
  "packages": {
    "": {
      "name": "testajs",
      "version": "1.0.0",
      "license": "ISC",
      "dependencies": {
        "@moving1986/ajs": "^1.0.0"
      }
    },
    "node_modules/@moving1986/ajs": {
      "version": "1.0.0",
      "resolved": "https://npm.pkg.github.com/download/@moving1986/ajs/1.0.0/e3f8940d8e028cd45adfde75577bcbee6d33d51f",
      "integrity": "sha512-ItbULZqjXgnt12wYRy8nyt+WVwojdKCYzkCingB2YjaTNkyzqc7mcfzyZcnnHS2WRGL/4qajlhlyt+2FAQiz/Q==",
      "license": "ISC"
    }
  }
}
